
Microsoft Visual Studio Solution File, Format Version 12.00
# Visual Studio Version 17
VisualStudioVersion = 17.14.36121.58 d17.14
MinimumVisualStudioVersion = 10.0.40219.1
Project("{FAE04EC0-301F-11D3-BF4B-00C04F79EFBC}") = "ExcelTest", "ExcelTest\ExcelTest.csproj", "{C8CE571E-327A-4781-B444-528EDFB68966}"
EndProject
Global
	GlobalSection(SolutionConfigurationPlatforms) = preSolution
		Debug|Any CPU = Debug|Any CPU
		Release|Any CPU = Release|Any CPU
	EndGlobalSection
	GlobalSection(ProjectConfigurationPlatforms) = postSolution
		{C8CE571E-327A-4781-B444-528EDFB68966}.Debug|Any CPU.ActiveCfg = Debug|Any CPU
		{C8CE571E-327A-4781-B444-528EDFB68966}.Debug|Any CPU.Build.0 = Debug|Any CPU
		{C8CE571E-327A-4781-B444-528EDFB68966}.Release|Any CPU.ActiveCfg = Release|Any CPU
		{C8CE571E-327A-4781-B444-528EDFB68966}.Release|Any CPU.Build.0 = Release|Any CPU
	EndGlobalSection
	GlobalSection(SolutionProperties) = preSolution
		HideSolutionNode = FALSE
	EndGlobalSection
	GlobalSection(ExtensibilityGlobals) = postSolution
		SolutionGuid = {28EC3A5F-6BDD-4C13-874A-8F72252FE5B8}
	EndGlobalSection
EndGlobal
